
Microsoft Visual Studio Solution File, Format Version 12.00
# Visual Studio Version 17
VisualStudioVersion = 17.3.32922.545
MinimumVisualStudioVersion = 10.0.40219.1
Project("{FAE04EC0-301F-11D3-BF4B-00C04F79EFBC}") = "CoreBlazorApp", "CoreBlazorApp\CoreBlazorApp.csproj", "{8D540190-40C3-4499-8D12-F720A92A1077}"
EndProject
Global
	GlobalSection(SolutionConfigurationPlatforms) = preSolution
		Debug|Any CPU = Debug|Any CPU
		Release|Any CPU = Release|Any CPU
	EndGlobalSection
	GlobalSection(ProjectConfigurationPlatforms) = postSolution
		{8D540190-40C3-4499-8D12-F720A92A1077}.Debug|Any CPU.ActiveCfg = Debug|Any CPU
		{8D540190-40C3-4499-8D12-F720A92A1077}.Debug|Any CPU.Build.0 = Debug|Any CPU
		{8D540190-40C3-4499-8D12-F720A92A1077}.Release|Any CPU.ActiveCfg = Release|Any CPU
		{8D540190-40C3-4499-8D12-F720A92A1077}.Release|Any CPU.Build.0 = Release|Any CPU
	EndGlobalSection
	GlobalSection(SolutionProperties) = preSolution
		HideSolutionNode = FALSE
	EndGlobalSection
	GlobalSection(ExtensibilityGlobals) = postSolution
		SolutionGuid = {7A58AA58-3391-4D90-9C40-37F516B7FEF5}
	EndGlobalSection
EndGlobal
